
Microsoft Visual Studio Solution File, Format Version 12.00
# Visual Studio 15
VisualStudioVersion = 15.0.27428.1
MinimumVisualStudioVersion = 10.0.40219.1
Project("{FAE04EC0-301F-11D3-BF4B-00C04F79EFBC}") = "ChatClient", "ChatClient\ChatClient.csproj", "{0BE4AA01-D9C2-4496-AAA8-862013D0A8EB}"
EndProject
Project("{FAE04EC0-301F-11D3-BF4B-00C04F79EFBC}") = "ChatServer", "ChatServer\ChatServer.csproj", "{A43B0FEE-8E50-4A98-9EA7-A184A68C6BC1}"
EndProject
Global
	GlobalSection(SolutionConfigurationPlatforms) = preSolution
		Debug|Any CPU = Debug|Any CPU
		Release|Any CPU = Release|Any CPU
	EndGlobalSection
	GlobalSection(ProjectConfigurationPlatforms) = postSolution
		{0BE4AA01-D9C2-4496-AAA8-862013D0A8EB}.Debug|Any CPU.ActiveCfg = Debug|Any CPU
		{0BE4AA01-D9C2-4496-AAA8-862013D0A8EB}.Debug|Any CPU.Build.0 = Debug|Any CPU
		{0BE4AA01-D9C2-4496-AAA8-862013D0A8EB}.Release|Any CPU.ActiveCfg = Release|Any CPU
		{0BE4AA01-D9C2-4496-AAA8-862013D0A8EB}.Release|Any CPU.Build.0 = Release|Any CPU
		{A43B0FEE-8E50-4A98-9EA7-A184A68C6BC1}.Debug|Any CPU.ActiveCfg = Debug|Any CPU
		{A43B0FEE-8E50-4A98-9EA7-A184A68C6BC1}.Debug|Any CPU.Build.0 = Debug|Any CPU
		{A43B0FEE-8E50-4A98-9EA7-A184A68C6BC1}.Release|Any CPU.ActiveCfg = Release|Any CPU
		{A43B0FEE-8E50-4A98-9EA7-A184A68C6BC1}.Release|Any CPU.Build.0 = Release|Any CPU
	EndGlobalSection
	GlobalSection(SolutionProperties) = preSolution
		HideSolutionNode = FALSE
	EndGlobalSection
	GlobalSection(ExtensibilityGlobals) = postSolution
		SolutionGuid = {E01D474A-6F4F-4455-8BED-1391DA7DB803}
	EndGlobalSection
EndGlobal
